{
  "name": "Template-Angular14",
  "lockfileVersion": 2,
  "requires": true,
  "packages": {
    "": {
      "dependencies": {
        "@angular/cdk": "^15.0.2"
      }
    },
    "node_modules/@angular/cdk": {
      "version": "15.0.2",
      "resolved": "https://registry.npmjs.org/@angular/cdk/-/cdk-15.0.2.tgz",
      "integrity": "sha512-khTZT/vWDLoCkIxXyrpmeFIMfsED3KdKQqWCiuvUHGHhJn5iOa2wDQXQEkrFpNaQ4v1mbHE2I11DljiieIyv5w==",
      "dependencies": {
        "tslib": "^2.3.0"
      },
      "optionalDependencies": {
        "parse5": "^7.1.2"
      },
      "peerDependencies": {
        "@angular/common": "^15.0.0 || ^16.0.0",
        "@angular/core": "^15.0.0 || ^16.0.0",
        "rxjs": "^6.5.3 || ^7.4.0"
      }
    },
    "node_modules/@angular/common": {
      "version": "15.0.3",
      "resolved": "https://registry.npmjs.org/@angular/common/-/common-15.0.3.tgz",
      "integrity": "sha512-TYpNnP6f7+x+FqyFCjl+D7rqJojMJT3QURwbnKsZYO7gsfoKashgrLxd9f3lQpa9EHvdMsVZWGZuPmoerGQ5qg==",
      "peer": true,
      "dependencies": {
        "tslib": "^2.3.0"
      },
      "engines": {
        "node": "^14.20.0 || ^16.13.0 || >=18.10.0"
      },
      "peerDependencies": {
        "@angular/core": "15.0.3",
        "rxjs": "^6.5.3 || ^7.4.0"
      }
    },
    "node_modules/@angular/core": {
      "version": "15.0.3",
      "resolved": "https://registry.npmjs.org/@angular/core/-/core-15.0.3.tgz",
      "integrity": "sha512-tYQszxkk32RZkMA7Czv9l5apiDIsoqVO2taIuPKfesAcwsQ7z/x3JTu3JkwUnB9c9nq2c18wIzjzMs4iElxdVQ==",
      "peer": true,
      "dependencies": {
        "tslib": "^2.3.0"
      },
      "engines": {
        "node": "^14.20.0 || ^16.13.0 || >=18.10.0"
      },
      "peerDependencies": {
        "rxjs": "^6.5.3 || ^7.4.0",
        "zone.js": "~0.11.4 || ~0.12.0"
      }
    },
    "node_modules/entities": {
      "version": "4.4.0",
      "resolved": "https://registry.npmjs.org/entities/-/entities-4.4.0.tgz",
      "integrity": "sha512-oYp7156SP8LkeGD0GF85ad1X9Ai79WtRsZ2gxJqtBuzH+98YUV6jkHEKlZkMbcrjJjIVJNIDP/3WL9wQkoPbWA==",
      "optional": true,
      "engines": {
        "node": ">=0.12"
      },
      "funding": {
        "url": "https://github.com/fb55/entities?sponsor=1"
      }
    },
    "node_modules/parse5": {
      "version": "7.1.2",
      "resolved": "https://registry.npmjs.org/parse5/-/parse5-7.1.2.tgz",
      "integrity": "sha512-Czj1WaSVpaoj0wbhMzLmWD69anp2WH7FXMB9n1Sy8/ZFF9jolSQVMu1Ij5WIyGmcBmhk7EOndpO4mIpihVqAXw==",
      "optional": true,
      "dependencies": {
        "entities": "^4.4.0"
      },
      "funding": {
        "url": "https://github.com/inikulin/parse5?sponsor=1"
      }
    },
    "node_modules/rxjs": {
      "version": "7.6.0",
      "resolved": "https://registry.npmjs.org/rxjs/-/rxjs-7.6.0.tgz",
      "integrity": "sha512-DDa7d8TFNUalGC9VqXvQ1euWNN7sc63TrUCuM9J998+ViviahMIjKSOU7rfcgFOF+FCD71BhDRv4hrFz+ImDLQ==",
      "peer": true,
      "dependencies": {
        "tslib": "^2.1.0"
      }
    },
    "node_modules/tslib": {
      "version": "2.4.1",
      "resolved": "https://registry.npmjs.org/tslib/-/tslib-2.4.1.tgz",
      "integrity": "sha512-tGyy4dAjRIEwI7BzsB0lynWgOpfqjUdq91XXAlIWD2OwKBH7oCl/GZG/HT4BOHrTlPMOASlMQ7veyTqpmRcrNA=="
    },
    "node_modules/zone.js": {
      "version": "0.12.0",
      "resolved": "https://registry.npmjs.org/zone.js/-/zone.js-0.12.0.tgz",
      "integrity": "sha512-XtC+I5dXU14HrzidAKBNMqneIVUykLEAA1x+v4KVrd6AUPWlwYORF8KgsVqvgdHiKZ4BkxxjvYi/ksEixTPR0Q==",
      "peer": true,
      "dependencies": {
        "tslib": "^2.3.0"
      }
    }
  },
  "dependencies": {
    "@angular/cdk": {
      "version": "15.0.2",
      "resolved": "https://registry.npmjs.org/@angular/cdk/-/cdk-15.0.2.tgz",
      "integrity": "sha512-khTZT/vWDLoCkIxXyrpmeFIMfsED3KdKQqWCiuvUHGHhJn5iOa2wDQXQEkrFpNaQ4v1mbHE2I11DljiieIyv5w==",
      "requires": {
        "parse5": "^7.1.2",
        "tslib": "^2.3.0"
      }
    },
    "@angular/common": {
      "version": "15.0.3",
      "resolved": "https://registry.npmjs.org/@angular/common/-/common-15.0.3.tgz",
      "integrity": "sha512-TYpNnP6f7+x+FqyFCjl+D7rqJojMJT3QURwbnKsZYO7gsfoKashgrLxd9f3lQpa9EHvdMsVZWGZuPmoerGQ5qg==",
      "peer": true,
      "requires": {
        "tslib": "^2.3.0"
      }
    },
    "@angular/core": {
      "version": "15.0.3",
      "resolved": "https://registry.npmjs.org/@angular/core/-/core-15.0.3.tgz",
      "integrity": "sha512-tYQszxkk32RZkMA7Czv9l5apiDIsoqVO2taIuPKfesAcwsQ7z/x3JTu3JkwUnB9c9nq2c18wIzjzMs4iElxdVQ==",
      "peer": true,
      "requires": {
        "tslib": "^2.3.0"
      }
    },
    "entities": {
      "version": "4.4.0",
      "resolved": "https://registry.npmjs.org/entities/-/entities-4.4.0.tgz",
      "integrity": "sha512-oYp7156SP8LkeGD0GF85ad1X9Ai79WtRsZ2gxJqtBuzH+98YUV6jkHEKlZkMbcrjJjIVJNIDP/3WL9wQkoPbWA==",
      "optional": true
    },
    "parse5": {
      "version": "7.1.2",
      "resolved": "https://registry.npmjs.org/parse5/-/parse5-7.1.2.tgz",
      "integrity": "sha512-Czj1WaSVpaoj0wbhMzLmWD69anp2WH7FXMB9n1Sy8/ZFF9jolSQVMu1Ij5WIyGmcBmhk7EOndpO4mIpihVqAXw==",
      "optional": true,
      "requires": {
        "entities": "^4.4.0"
      }
    },
    "rxjs": {
      "version": "7.6.0",
      "resolved": "https://registry.npmjs.org/rxjs/-/rxjs-7.6.0.tgz",
      "integrity": "sha512-DDa7d8TFNUalGC9VqXvQ1euWNN7sc63TrUCuM9J998+ViviahMIjKSOU7rfcgFOF+FCD71BhDRv4hrFz+ImDLQ==",
      "peer": true,
      "requires": {
        "tslib": "^2.1.0"
      }
    },
    "tslib": {
      "version": "2.4.1",
      "resolved": "https://registry.npmjs.org/tslib/-/tslib-2.4.1.tgz",
      "integrity": "sha512-tGyy4dAjRIEwI7BzsB0lynWgOpfqjUdq91XXAlIWD2OwKBH7oCl/GZG/HT4BOHrTlPMOASlMQ7veyTqpmRcrNA=="
    },
    "zone.js": {
      "version": "0.12.0",
      "resolved": "https://registry.npmjs.org/zone.js/-/zone.js-0.12.0.tgz",
      "integrity": "sha512-XtC+I5dXU14HrzidAKBNMqneIVUykLEAA1x+v4KVrd6AUPWlwYORF8KgsVqvgdHiKZ4BkxxjvYi/ksEixTPR0Q==",
      "peer": true,
      "requires": {
        "tslib": "^2.3.0"
      }
    }
  }
}
